
Microsoft Visual Studio Solution File, Format Version 12.00
# Visual Studio Version 17
VisualStudioVersion = 17.12.35728.132 d17.12
MinimumVisualStudioVersion = 10.0.40219.1
Project("{FAE04EC0-301F-11D3-BF4B-00C04F79EFBC}") = "QLThuCung", "QLThuCung\QLThuCung.csproj", "{43C48416-F608-4AEB-9B96-E85109BE69DE}"
EndProject
Global
	GlobalSection(SolutionConfigurationPlatforms) = preSolution
		Debug|Any CPU = Debug|Any CPU
		Release|Any CPU = Release|Any CPU
	EndGlobalSection
	GlobalSection(ProjectConfigurationPlatforms) = postSolution
		{43C48416-F608-4AEB-9B96-E85109BE69DE}.Debug|Any CPU.ActiveCfg = Debug|Any CPU
		{43C48416-F608-4AEB-9B96-E85109BE69DE}.Debug|Any CPU.Build.0 = Debug|Any CPU
		{43C48416-F608-4AEB-9B96-E85109BE69DE}.Release|Any CPU.ActiveCfg = Release|Any CPU
		{43C48416-F608-4AEB-9B96-E85109BE69DE}.Release|Any CPU.Build.0 = Release|Any CPU
	EndGlobalSection
	GlobalSection(SolutionProperties) = preSolution
		HideSolutionNode = FALSE
	EndGlobalSection
EndGlobal
